
Microsoft Visual Studio Solution File, Format Version 12.00
# Visual Studio Version 16
VisualStudioVersion = 16.0.30621.155
MinimumVisualStudioVersion = 10.0.40219.1
Project("{8BC9CEB8-8B4A-11D0-8D11-00A0C91BC942}") = "Bag_HashTable", "Bag_HashTable.vcxproj", "{78423EC1-8160-42D3-9A6A-8F0569633173}"
EndProject
Global
	GlobalSection(SolutionConfigurationPlatforms) = preSolution
		Debug|x64 = Debug|x64
		Debug|x86 = Debug|x86
		Release|x64 = Release|x64
		Release|x86 = Release|x86
	EndGlobalSection
	GlobalSection(ProjectConfigurationPlatforms) = postSolution
		{78423EC1-8160-42D3-9A6A-8F0569633173}.Debug|x64.ActiveCfg = Debug|x64
		{78423EC1-8160-42D3-9A6A-8F0569633173}.Debug|x64.Build.0 = Debug|x64
		{78423EC1-8160-42D3-9A6A-8F0569633173}.Debug|x86.ActiveCfg = Debug|Win32
		{78423EC1-8160-42D3-9A6A-8F0569633173}.Debug|x86.Build.0 = Debug|Win32
		{78423EC1-8160-42D3-9A6A-8F0569633173}.Release|x64.ActiveCfg = Release|x64
		{78423EC1-8160-42D3-9A6A-8F0569633173}.Release|x64.Build.0 = Release|x64
		{78423EC1-8160-42D3-9A6A-8F0569633173}.Release|x86.ActiveCfg = Release|Win32
		{78423EC1-8160-42D3-9A6A-8F0569633173}.Release|x86.Build.0 = Release|Win32
	EndGlobalSection
	GlobalSection(SolutionProperties) = preSolution
		HideSolutionNode = FALSE
	EndGlobalSection
	GlobalSection(ExtensibilityGlobals) = postSolution
		SolutionGuid = {3326F95C-92E9-4237-91AC-3110ABE9FAB4}
	EndGlobalSection
EndGlobal
