{
 "graph_lock": {
  "nodes": {
   "0": {
    "options": "sqlite3:build_executable=True\nsqlite3:disable_gethostuuid=False\nsqlite3:enable_column_metadata=True\nsqlite3:enable_dbstat_vtab=False\nsqlite3:enable_default_secure_delete=False\nsqlite3:enable_explain_comments=False\nsqlite3:enable_fts3=False\nsqlite3:enable_fts3_parenthesis=False\nsqlite3:enable_fts4=False\nsqlite3:enable_fts5=False\nsqlite3:enable_json1=False\nsqlite3:enable_math_functions=True\nsqlite3:enable_preupdate_hook=False\nsqlite3:enable_rtree=True\nsqlite3:enable_soundex=False\nsqlite3:enable_unlock_notify=True\nsqlite3:max_blob_size=1000000000\nsqlite3:omit_load_extension=False\nsqlite3:shared=False\nsqlite3:threadsafe=1\nsqlite3:use_alloca=False",
    "requires": [
     "1"
    ],
    "path": "..\\conanfile.txt",
    "context": "host"
   },
   "1": {
    "ref": "sqlite3/3.35.4",
    "options": "build_executable=True\ndisable_gethostuuid=False\nenable_column_metadata=True\nenable_dbstat_vtab=False\nenable_default_secure_delete=False\nenable_explain_comments=False\nenable_fts3=False\nenable_fts3_parenthesis=False\nenable_fts4=False\nenable_fts5=False\nenable_json1=False\nenable_math_functions=True\nenable_preupdate_hook=False\nenable_rtree=True\nenable_soundex=False\nenable_unlock_notify=True\nmax_blob_size=1000000000\nomit_load_extension=False\nshared=False\nthreadsafe=1\nuse_alloca=False",
    "package_id": "08d1c8783034c5e5dbd5bce9600ab4bf34cd886f",
    "prev": "0",
    "context": "host"
   }
  },
  "revisions_enabled": false
 },
 "version": "0.4",
 "profile_host": "[settings]\narch=x86_64\narch_build=x86_64\nbuild_type=Release\ncompiler=Visual Studio\ncompiler.runtime=MD\ncompiler.version=16\nos=Windows\nos_build=Windows\n[options]\n[build_requires]\n[env]\n"
}