
Microsoft Visual Studio Solution File, Format Version 12.00
# Visual Studio Version 16
VisualStudioVersion = 16.0.30621.155
MinimumVisualStudioVersion = 10.0.40219.1
Project("{8BC9CEB8-8B4A-11D0-8D11-00A0C91BC942}") = "ADTBag_DA", "ADTBag_DA.vcxproj", "{A74F1E59-832C-46F5-BB55-F3D777C97755}"
EndProject
Global
	GlobalSection(SolutionConfigurationPlatforms) = preSolution
		Debug|x64 = Debug|x64
		Debug|x86 = Debug|x86
		Release|x64 = Release|x64
		Release|x86 = Release|x86
	EndGlobalSection
	GlobalSection(ProjectConfigurationPlatforms) = postSolution
		{A74F1E59-832C-46F5-BB55-F3D777C97755}.Debug|x64.ActiveCfg = Debug|x64
		{A74F1E59-832C-46F5-BB55-F3D777C97755}.Debug|x64.Build.0 = Debug|x64
		{A74F1E59-832C-46F5-BB55-F3D777C97755}.Debug|x86.ActiveCfg = Debug|Win32
		{A74F1E59-832C-46F5-BB55-F3D777C97755}.Debug|x86.Build.0 = Debug|Win32
		{A74F1E59-832C-46F5-BB55-F3D777C97755}.Release|x64.ActiveCfg = Release|x64
		{A74F1E59-832C-46F5-BB55-F3D777C97755}.Release|x64.Build.0 = Release|x64
		{A74F1E59-832C-46F5-BB55-F3D777C97755}.Release|x86.ActiveCfg = Release|Win32
		{A74F1E59-832C-46F5-BB55-F3D777C97755}.Release|x86.Build.0 = Release|Win32
	EndGlobalSection
	GlobalSection(SolutionProperties) = preSolution
		HideSolutionNode = FALSE
	EndGlobalSection
	GlobalSection(ExtensibilityGlobals) = postSolution
		SolutionGuid = {67449657-29A0-4A96-B5F7-00D0539CC7EB}
	EndGlobalSection
EndGlobal
