
Microsoft Visual Studio Solution File, Format Version 12.00
# Visual Studio Version 16
VisualStudioVersion = 16.0.30621.155
MinimumVisualStudioVersion = 10.0.40219.1
Project("{8BC9CEB8-8B4A-11D0-8D11-00A0C91BC942}") = "ADTBag", "ADTBag.vcxproj", "{F0FE0D5B-19C1-46A9-9F79-27FA843C2D4D}"
EndProject
Global
	GlobalSection(SolutionConfigurationPlatforms) = preSolution
		Debug|x64 = Debug|x64
		Debug|x86 = Debug|x86
		Release|x64 = Release|x64
		Release|x86 = Release|x86
	EndGlobalSection
	GlobalSection(ProjectConfigurationPlatforms) = postSolution
		{F0FE0D5B-19C1-46A9-9F79-27FA843C2D4D}.Debug|x64.ActiveCfg = Debug|x64
		{F0FE0D5B-19C1-46A9-9F79-27FA843C2D4D}.Debug|x64.Build.0 = Debug|x64
		{F0FE0D5B-19C1-46A9-9F79-27FA843C2D4D}.Debug|x86.ActiveCfg = Debug|Win32
		{F0FE0D5B-19C1-46A9-9F79-27FA843C2D4D}.Debug|x86.Build.0 = Debug|Win32
		{F0FE0D5B-19C1-46A9-9F79-27FA843C2D4D}.Release|x64.ActiveCfg = Release|x64
		{F0FE0D5B-19C1-46A9-9F79-27FA843C2D4D}.Release|x64.Build.0 = Release|x64
		{F0FE0D5B-19C1-46A9-9F79-27FA843C2D4D}.Release|x86.ActiveCfg = Release|Win32
		{F0FE0D5B-19C1-46A9-9F79-27FA843C2D4D}.Release|x86.Build.0 = Release|Win32
	EndGlobalSection
	GlobalSection(SolutionProperties) = preSolution
		HideSolutionNode = FALSE
	EndGlobalSection
	GlobalSection(ExtensibilityGlobals) = postSolution
		SolutionGuid = {2D923401-F728-4E60-89D9-6B60F8E78462}
	EndGlobalSection
EndGlobal
